
Microsoft Visual Studio Solution File, Format Version 12.00
# Visual Studio Version 17
VisualStudioVersion = 17.0.31903.59
MinimumVisualStudioVersion = 10.0.40219.1
Project("{FAE04EC0-301F-11D3-BF4B-00C04F79EFBC}") = "Application", "Application\Application.csproj", "{554CE2EF-FAB7-427D-BA93-C5AFE34350A2}"
EndProject
Project("{FAE04EC0-301F-11D3-BF4B-00C04F79EFBC}") = "API", "API\API.csproj", "{8DFC20F9-0857-4D84-8C6E-D3948FC02D92}"
EndProject
Project("{FAE04EC0-301F-11D3-BF4B-00C04F79EFBC}") = "Domain", "Domain\Domain.csproj", "{18BFB107-878D-4908-9666-B043CBD4201C}"
EndProject
Project("{FAE04EC0-301F-11D3-BF4B-00C04F79EFBC}") = "Persistence", "Persistence\Persistence.csproj", "{3A3F484F-268F-4AA3-A3BD-46F30BA97A34}"
EndProject
Global
	GlobalSection(SolutionConfigurationPlatforms) = preSolution
		Debug|Any CPU = Debug|Any CPU
		Release|Any CPU = Release|Any CPU
	EndGlobalSection
	GlobalSection(SolutionProperties) = preSolution
		HideSolutionNode = FALSE
	EndGlobalSection
	GlobalSection(ProjectConfigurationPlatforms) = postSolution
		{554CE2EF-FAB7-427D-BA93-C5AFE34350A2}.Debug|Any CPU.ActiveCfg = Debug|Any CPU
		{554CE2EF-FAB7-427D-BA93-C5AFE34350A2}.Debug|Any CPU.Build.0 = Debug|Any CPU
		{554CE2EF-FAB7-427D-BA93-C5AFE34350A2}.Release|Any CPU.ActiveCfg = Release|Any CPU
		{554CE2EF-FAB7-427D-BA93-C5AFE34350A2}.Release|Any CPU.Build.0 = Release|Any CPU
		{8DFC20F9-0857-4D84-8C6E-D3948FC02D92}.Debug|Any CPU.ActiveCfg = Debug|Any CPU
		{8DFC20F9-0857-4D84-8C6E-D3948FC02D92}.Debug|Any CPU.Build.0 = Debug|Any CPU
		{8DFC20F9-0857-4D84-8C6E-D3948FC02D92}.Release|Any CPU.ActiveCfg = Release|Any CPU
		{8DFC20F9-0857-4D84-8C6E-D3948FC02D92}.Release|Any CPU.Build.0 = Release|Any CPU
		{18BFB107-878D-4908-9666-B043CBD4201C}.Debug|Any CPU.ActiveCfg = Debug|Any CPU
		{18BFB107-878D-4908-9666-B043CBD4201C}.Debug|Any CPU.Build.0 = Debug|Any CPU
		{18BFB107-878D-4908-9666-B043CBD4201C}.Release|Any CPU.ActiveCfg = Release|Any CPU
		{18BFB107-878D-4908-9666-B043CBD4201C}.Release|Any CPU.Build.0 = Release|Any CPU
		{3A3F484F-268F-4AA3-A3BD-46F30BA97A34}.Debug|Any CPU.ActiveCfg = Debug|Any CPU
		{3A3F484F-268F-4AA3-A3BD-46F30BA97A34}.Debug|Any CPU.Build.0 = Debug|Any CPU
		{3A3F484F-268F-4AA3-A3BD-46F30BA97A34}.Release|Any CPU.ActiveCfg = Release|Any CPU
		{3A3F484F-268F-4AA3-A3BD-46F30BA97A34}.Release|Any CPU.Build.0 = Release|Any CPU
	EndGlobalSection
EndGlobal
